
Microsoft Visual Studio Solution File, Format Version 12.00
# Visual Studio Version 17
VisualStudioVersion = 17.2.32616.157
MinimumVisualStudioVersion = 10.0.40219.1
Project("{FAE04EC0-301F-11D3-BF4B-00C04F79EFBC}") = "CorsaTRAamici1", "CorsaTRAamici1\CorsaTRAamici1.csproj", "{CAC0D3CD-B84A-4F6A-A5E5-6AE4D1589068}"
EndProject
Global
	GlobalSection(SolutionConfigurationPlatforms) = preSolution
		Debug|Any CPU = Debug|Any CPU
		Release|Any CPU = Release|Any CPU
	EndGlobalSection
	GlobalSection(ProjectConfigurationPlatforms) = postSolution
		{CAC0D3CD-B84A-4F6A-A5E5-6AE4D1589068}.Debug|Any CPU.ActiveCfg = Debug|Any CPU
		{CAC0D3CD-B84A-4F6A-A5E5-6AE4D1589068}.Debug|Any CPU.Build.0 = Debug|Any CPU
		{CAC0D3CD-B84A-4F6A-A5E5-6AE4D1589068}.Release|Any CPU.ActiveCfg = Release|Any CPU
		{CAC0D3CD-B84A-4F6A-A5E5-6AE4D1589068}.Release|Any CPU.Build.0 = Release|Any CPU
	EndGlobalSection
	GlobalSection(SolutionProperties) = preSolution
		HideSolutionNode = FALSE
	EndGlobalSection
	GlobalSection(ExtensibilityGlobals) = postSolution
		SolutionGuid = {DF5001A4-D357-4503-92DB-D24345801554}
	EndGlobalSection
EndGlobal
